
Microsoft Visual Studio Solution File, Format Version 12.00
# Visual Studio Version 17
VisualStudioVersion = 17.0.31912.275
MinimumVisualStudioVersion = 10.0.40219.1
Project("{FAE04EC0-301F-11D3-BF4B-00C04F79EFBC}") = "SendAndReceive", "SendAndReceive.csproj", "{16F46110-4513-44F0-B603-D810D0DE6F41}"
EndProject
Global
	GlobalSection(SolutionConfigurationPlatforms) = preSolution
		Debug|Any CPU = Debug|Any CPU
		Release|Any CPU = Release|Any CPU
	EndGlobalSection
	GlobalSection(ProjectConfigurationPlatforms) = postSolution
		{16F46110-4513-44F0-B603-D810D0DE6F41}.Debug|Any CPU.ActiveCfg = Debug|Any CPU
		{16F46110-4513-44F0-B603-D810D0DE6F41}.Debug|Any CPU.Build.0 = Debug|Any CPU
		{16F46110-4513-44F0-B603-D810D0DE6F41}.Release|Any CPU.ActiveCfg = Release|Any CPU
		{16F46110-4513-44F0-B603-D810D0DE6F41}.Release|Any CPU.Build.0 = Release|Any CPU
	EndGlobalSection
	GlobalSection(SolutionProperties) = preSolution
		HideSolutionNode = FALSE
	EndGlobalSection
	GlobalSection(ExtensibilityGlobals) = postSolution
		SolutionGuid = {CF6EFA31-E475-4F03-A5CA-CD067161A9F2}
	EndGlobalSection
EndGlobal
